{
  "name": "Excalidraw-Project",
  "lockfileVersion": 3,
  "requires": true,
  "packages": {
    "": {
      "name": "Excalidraw-Project",
      "devDependencies": {
        "prettier": "^3.7.4",
        "turbo": "^2.7.5",
        "typescript": "5.9.2"
      },
      "engines": {
        "node": ">=18"
      }
    },
    "node_modules/dotenv": {
      "version": "17.2.3",
      "resolved": "https://registry.npmjs.org/dotenv/-/dotenv-17.2.3.tgz",
      "integrity": "sha512-JVUnt+DUIzu87TABbhPmNfVdBDt18BLOWjMUFJMSi/Qqg7NTYtabbvSNJGOJ7afbRuv9D/lngizHtP7QyLQ+9w==",
      "license": "BSD-2-Clause",
      "engines": {
        "node": ">=12"
      },
      "funding": {
        "url": "https://dotenvx.com"
      }
    },
    "node_modules/prettier": {
      "version": "3.8.1",
      "resolved": "https://registry.npmjs.org/prettier/-/prettier-3.8.1.tgz",
      "integrity": "sha512-UOnG6LftzbdaHZcKoPFtOcCKztrQ57WkHDeRD9t/PTQtmT0NHSeWWepj6pS0z/N7+08BHFDQVUrfmfMRcZwbMg==",
      "dev": true,
      "license": "MIT",
      "bin": {
        "prettier": "bin/prettier.cjs"
      },
      "engines": {
        "node": ">=14"
      },
      "funding": {
        "url": "https://github.com/prettier/prettier?sponsor=1"
      }
    },
    "node_modules/turbo": {
      "version": "2.7.6",
      "resolved": "https://registry.npmjs.org/turbo/-/turbo-2.7.6.tgz",
      "integrity": "sha512-PO9AvJLEsNLO+EYhF4zB+v10hOjsJe5kJW+S6tTbRv+TW7gf1Qer4mfjP9h3/y9h8ZiPvOrenxnEgDtFgaM5zw==",
      "dev": true,
      "license": "MIT",
      "bin": {
        "turbo": "bin/turbo"
      },
      "optionalDependencies": {
        "turbo-darwin-64": "2.7.6",
        "turbo-darwin-arm64": "2.7.6",
        "turbo-linux-64": "2.7.6",
        "turbo-linux-arm64": "2.7.6",
        "turbo-windows-64": "2.7.6",
        "turbo-windows-arm64": "2.7.6"
      }
    },
    "node_modules/turbo-darwin-arm64": {
      "version": "2.7.6",
      "resolved": "https://registry.npmjs.org/turbo-darwin-arm64/-/turbo-darwin-arm64-2.7.6.tgz",
      "integrity": "sha512-KCxTf3Y1hgNLYIWRLw8bwH8Zie9RyCGoxAlXYsCBI/YNqBSR+ZZK9KYzFxAqDaVaNvTwLFv3rJRGsXOFWg4+Uw==",
      "cpu": [
        "arm64"
      ],
      "dev": true,
      "license": "MIT",
      "optional": true,
      "os": [
        "darwin"
      ]
    },
    "node_modules/typescript": {
      "version": "5.9.2",
      "resolved": "https://registry.npmjs.org/typescript/-/typescript-5.9.2.tgz",
      "integrity": "sha512-CWBzXQrc/qOkhidw1OzBTQuYRbfyxDXJMVJ1XNwUHGROVmuaeiEm3OslpZ1RV96d7SKKjZKrSJu3+t/xlw3R9A==",
      "dev": true,
      "license": "Apache-2.0",
      "bin": {
        "tsc": "bin/tsc",
        "tsserver": "bin/tsserver"
      },
      "engines": {
        "node": ">=14.17"
      }
    }
  }
}
